
Microsoft Visual Studio Solution File, Format Version 12.00
# Visual Studio Version 17
VisualStudioVersion = 17.11.35219.272
MinimumVisualStudioVersion = 10.0.40219.1
Project("{9A19103F-16F7-4668-BE54-9A1E7A4F7556}") = "HR_Sysytem.API", "HR_Sysytem\HR_Sysytem.API.csproj", "{91BD5BB2-7A16-43DB-B218-D5AB3154E6CB}"
EndProject
Project("{9A19103F-16F7-4668-BE54-9A1E7A4F7556}") = "HR_System.BLL", "HR_System.BLL\HR_System.BLL.csproj", "{BFA11EAA-0F9A-431D-B8B8-1E2CE08B8054}"
EndProject
Project("{9A19103F-16F7-4668-BE54-9A1E7A4F7556}") = "HRSystem.DAL", "HRSystem.DAL\HRSystem.DAL.csproj", "{808634A1-4B29-4A45-9666-387890D3ECB1}"
EndProject
Project("{FAE04EC0-301F-11D3-BF4B-00C04F79EFBC}") = "HRSystem.Test", "HRSystem.Test\HRSystem.Test.csproj", "{FC1854D1-CC4F-45A5-88F0-BE67E6FD7F97}"
EndProject
Global
	GlobalSection(SolutionConfigurationPlatforms) = preSolution
		Debug|Any CPU = Debug|Any CPU
		Release|Any CPU = Release|Any CPU
	EndGlobalSection
	GlobalSection(ProjectConfigurationPlatforms) = postSolution
		{91BD5BB2-7A16-43DB-B218-D5AB3154E6CB}.Debug|Any CPU.ActiveCfg = Debug|Any CPU
		{91BD5BB2-7A16-43DB-B218-D5AB3154E6CB}.Debug|Any CPU.Build.0 = Debug|Any CPU
		{91BD5BB2-7A16-43DB-B218-D5AB3154E6CB}.Release|Any CPU.ActiveCfg = Release|Any CPU
		{91BD5BB2-7A16-43DB-B218-D5AB3154E6CB}.Release|Any CPU.Build.0 = Release|Any CPU
		{BFA11EAA-0F9A-431D-B8B8-1E2CE08B8054}.Debug|Any CPU.ActiveCfg = Debug|Any CPU
		{BFA11EAA-0F9A-431D-B8B8-1E2CE08B8054}.Debug|Any CPU.Build.0 = Debug|Any CPU
		{BFA11EAA-0F9A-431D-B8B8-1E2CE08B8054}.Release|Any CPU.ActiveCfg = Release|Any CPU
		{BFA11EAA-0F9A-431D-B8B8-1E2CE08B8054}.Release|Any CPU.Build.0 = Release|Any CPU
		{808634A1-4B29-4A45-9666-387890D3ECB1}.Debug|Any CPU.ActiveCfg = Debug|Any CPU
		{808634A1-4B29-4A45-9666-387890D3ECB1}.Debug|Any CPU.Build.0 = Debug|Any CPU
		{808634A1-4B29-4A45-9666-387890D3ECB1}.Release|Any CPU.ActiveCfg = Release|Any CPU
		{808634A1-4B29-4A45-9666-387890D3ECB1}.Release|Any CPU.Build.0 = Release|Any CPU
		{FC1854D1-CC4F-45A5-88F0-BE67E6FD7F97}.Debug|Any CPU.ActiveCfg = Debug|Any CPU
		{FC1854D1-CC4F-45A5-88F0-BE67E6FD7F97}.Debug|Any CPU.Build.0 = Debug|Any CPU
		{FC1854D1-CC4F-45A5-88F0-BE67E6FD7F97}.Release|Any CPU.ActiveCfg = Release|Any CPU
		{FC1854D1-CC4F-45A5-88F0-BE67E6FD7F97}.Release|Any CPU.Build.0 = Release|Any CPU
	EndGlobalSection
	GlobalSection(SolutionProperties) = preSolution
		HideSolutionNode = FALSE
	EndGlobalSection
	GlobalSection(ExtensibilityGlobals) = postSolution
		SolutionGuid = {6E7147EF-1739-4B0E-8A85-9244CCB890D9}
	EndGlobalSection
EndGlobal
